// !$*UTF8*$!
{
	archiveVersion = 1;
	classes = {
	};
	objectVersion = 50;
	objects = {

/* Begin PBXBuildFile section */
		60A3E746211E06C500AE6891 /* AppDelegate.swift in Sources */ = {isa = PBXBuildFile; fileRef = 60A3E745211E06C500AE6891 /* AppDelegate.swift */; };
		60A3E74B211E06C500AE6891 /* Main.storyboard in Resources */ = {isa = PBXBuildFile; fileRef = 60A3E749211E06C500AE6891 /* Main.storyboard */; };
		60A3E74D211E06C700AE6891 /* Assets.xcassets in Resources */ = {isa = PBXBuildFile; fileRef = 60A3E74C211E06C700AE6891 /* Assets.xcassets */; };
		60A3E750211E06C700AE6891 /* LaunchScreen.storyboard in Resources */ = {isa = PBXBuildFile; fileRef = 60A3E74E211E06C700AE6891 /* LaunchScreen.storyboard */; };
		60F59449211E0959004793EC /* Representative.swift in Sources */ = {isa = PBXBuildFile; fileRef = 60F59448211E0959004793EC /* Representative.swift */; };
		60F5944B211E0A12004793EC /* RepresentativeController.swift in Sources */ = {isa = PBXBuildFile; fileRef = 60F5944A211E0A12004793EC /* RepresentativeController.swift */; };
		60F5944D211E123D004793EC /* States.swift in Sources */ = {isa = PBXBuildFile; fileRef = 60F5944C211E123D004793EC /* States.swift */; };
		60F5944F211E1396004793EC /* StateListTableViewController.swift in Sources */ = {isa = PBXBuildFile; fileRef = 60F5944E211E1396004793EC /* StateListTableViewController.swift */; };
		60F59451211E15E1004793EC /* StateDetailTableViewController.swift in Sources */ = {isa = PBXBuildFile; fileRef = 60F59450211E15E1004793EC /* StateDetailTableViewController.swift */; };
		60F59453211E1683004793EC /* RepresentativeTableViewCell.swift in Sources */ = {isa = PBXBuildFile; fileRef = 60F59452211E1683004793EC /* RepresentativeTableViewCell.swift */; };
/* End PBXBuildFile section */

/* Begin PBXFileReference section */
		60A3E742211E06C500AE6891 /* Representatives.app */ = {isa = PBXFileReference; explicitFileType = wrapper.application; includeInIndex = 0; path = Representatives.app; sourceTree = BUILT_PRODUCTS_DIR; };
		60A3E745211E06C500AE6891 /* AppDelegate.swift */ = {isa = PBXFileReference; lastKnownFileType = sourcecode.swift; path = AppDelegate.swift; sourceTree = "<group>"; };
		60A3E74A211E06C500AE6891 /* Base */ = {isa = PBXFileReference; lastKnownFileType = file.storyboard; name = Base; path = Base.lproj/Main.storyboard; sourceTree = "<group>"; };
		60A3E74C211E06C700AE6891 /* Assets.xcassets */ = {isa = PBXFileReference; lastKnownFileType = folder.assetcatalog; path = Assets.xcassets; sourceTree = "<group>"; };
		60A3E74F211E06C700AE6891 /* Base */ = {isa = PBXFileReference; lastKnownFileType = file.storyboard; name = Base; path = Base.lproj/LaunchScreen.storyboard; sourceTree = "<group>"; };
		60A3E751211E06C700AE6891 /* Info.plist */ = {isa = PBXFileReference; lastKnownFileType = text.plist.xml; path = Info.plist; sourceTree = "<group>"; };
		60F59448211E0959004793EC /* Representative.swift */ = {isa = PBXFileReference; lastKnownFileType = sourcecode.swift; path = Representative.swift; sourceTree = "<group>"; };
		60F5944A211E0A12004793EC /* RepresentativeController.swift */ = {isa = PBXFileReference; lastKnownFileType = sourcecode.swift; path = RepresentativeController.swift; sourceTree = "<group>"; };
		60F5944C211E123D004793EC /* States.swift */ = {isa = PBXFileReference; lastKnownFileType = sourcecode.swift; path = States.swift; sourceTree = "<group>"; };
		60F5944E211E1396004793EC /* StateListTableViewController.swift */ = {isa = PBXFileReference; lastKnownFileType = sourcecode.swift; path = StateListTableViewController.swift; sourceTree = "<group>"; };
		60F59450211E15E1004793EC /* StateDetailTableViewController.swift */ = {isa = PBXFileReference; lastKnownFileType = sourcecode.swift; path = StateDetailTableViewController.swift; sourceTree = "<group>"; };
		60F59452211E1683004793EC /* RepresentativeTableViewCell.swift */ = {isa = PBXFileReference; lastKnownFileType = sourcecode.swift; path = RepresentativeTableViewCell.swift; sourceTree = "<group>"; };
/* End PBXFileReference section */

/* Begin PBXFrameworksBuildPhase section */
		60A3E73F211E06C500AE6891 /* Frameworks */ = {
			isa = PBXFrameworksBuildPhase;
			buildActionMask = 2147483647;
			files = (
			);
			runOnlyForDeploymentPostprocessing = 0;
		};
/* End PBXFrameworksBuildPhase section */

/* Begin PBXGroup section */
		60A3E739211E06C500AE6891 = {
			isa = PBXGroup;
			children = (
				60A3E744211E06C500AE6891 /* Representatives */,
				60A3E743211E06C500AE6891 /* Products */,
			);
			sourceTree = "<group>";
		};
		60A3E743211E06C500AE6891 /* Products */ = {
			isa = PBXGroup;
			children = (
				60A3E742211E06C500AE6891 /* Representatives.app */,
			);
			name = Products;
			sourceTree = "<group>";
		};
		60A3E744211E06C500AE6891 /* Representatives */ = {
			isa = PBXGroup;
			children = (
				60F59448211E0959004793EC /* Representative.swift */,
				60F5944C211E123D004793EC /* States.swift */,
				60F5944A211E0A12004793EC /* RepresentativeController.swift */,
				60F5944E211E1396004793EC /* StateListTableViewController.swift */,
				60F59450211E15E1004793EC /* StateDetailTableViewController.swift */,
				60F59452211E1683004793EC /* RepresentativeTableViewCell.swift */,
				60F59447211E0811004793EC /* Views */,
				60A3E757211E078E00AE6891 /* Resources */,
			);
			path = Representatives;
			sourceTree = "<group>";
		};
		60A3E757211E078E00AE6891 /* Resources */ = {
			isa = PBXGroup;
			children = (
				60A3E745211E06C500AE6891 /* AppDelegate.swift */,
				60A3E74C211E06C700AE6891 /* Assets.xcassets */,
				60A3E751211E06C700AE6891 /* Info.plist */,
			);
			path = Resources;
			sourceTree = "<group>";
		};
		60F59447211E0811004793EC /* Views */ = {
			isa = PBXGroup;
			children = (
				60A3E749211E06C500AE6891 /* Main.storyboard */,
				60A3E74E211E06C700AE6891 /* LaunchScreen.storyboard */,
			);
			path = Views;
			sourceTree = "<group>";
		};
/* End PBXGroup section */

/* Begin PBXNativeTarget section */
		60A3E741211E06C500AE6891 /* Representatives */ = {
			isa = PBXNativeTarget;
			buildConfigurationList = 60A3E754211E06C700AE6891 /* Build configuration list for PBXNativeTarget "Representatives" */;
			buildPhases = (
				60A3E73E211E06C500AE6891 /* Sources */,
				60A3E73F211E06C500AE6891 /* Frameworks */,
				60A3E740211E06C500AE6891 /* Resources */,
			);
			buildRules = (
			);
			dependencies = (
			);
			name = Representatives;
			productName = Representatives;
			productReference = 60A3E742211E06C500AE6891 /* Representatives.app */;
			productType = "com.apple.product-type.application";
		};
/* End PBXNativeTarget section */

/* Begin PBXProject section */
		60A3E73A211E06C500AE6891 /* Project object */ = {
			isa = PBXProject;
			attributes = {
				LastSwiftUpdateCheck = 0940;
				LastUpgradeCheck = 0940;
				ORGANIZATIONNAME = "Seth Danner";
				TargetAttributes = {
					60A3E741211E06C500AE6891 = {
						CreatedOnToolsVersion = 9.4.1;
					};
				};
			};
			buildConfigurationList = 60A3E73D211E06C500AE6891 /* Build configuration list for PBXProject "Representatives" */;
			compatibilityVersion = "Xcode 9.3";
			developmentRegion = en;
			hasScannedForEncodings = 0;
			knownRegions = (
				en,
				Base,
			);
			mainGroup = 60A3E739211E06C500AE6891;
			productRefGroup = 60A3E743211E06C500AE6891 /* Products */;
			projectDirPath = "";
			projectRoot = "";
			targets = (
				60A3E741211E06C500AE6891 /* Representatives */,
			);
		};
/* End PBXProject section */

/* Begin PBXResourcesBuildPhase section */
		60A3E740211E06C500AE6891 /* Resources */ = {
			isa = PBXResourcesBuildPhase;
			buildActionMask = 2147483647;
			files = (
				60A3E750211E06C700AE6891 /* LaunchScreen.storyboard in Resources */,
				60A3E74D211E06C700AE6891 /* Assets.xcassets in Resources */,
				60A3E74B211E06C500AE6891 /* Main.storyboard in Resources */,
			);
			runOnlyForDeploymentPostprocessing = 0;
		};
/* End PBXResourcesBuildPhase section */

/* Begin PBXSourcesBuildPhase section */
		60A3E73E211E06C500AE6891 /* Sources */ = {
			isa = PBXSourcesBuildPhase;
			buildActionMask = 2147483647;
			files = (
				60F59453211E1683004793EC /* RepresentativeTableViewCell.swift in Sources */,
				60F59449211E0959004793EC /* Representative.swift in Sources */,
				60F5944B211E0A12004793EC /* RepresentativeController.swift in Sources */,
				60F59451211E15E1004793EC /* StateDetailTableViewController.swift in Sources */,
				60A3E746211E06C500AE6891 /* AppDelegate.swift in Sources */,
				60F5944F211E1396004793EC /* StateListTableViewController.swift in Sources */,
				60F5944D211E123D004793EC /* States.swift in Sources */,
			);
			runOnlyForDeploymentPostprocessing = 0;
		};
/* End PBXSourcesBuildPhase section */

/* Begin PBXVariantGroup section */
		60A3E749211E06C500AE6891 /* Main.storyboard */ = {
			isa = PBXVariantGroup;
			children = (
				60A3E74A211E06C500AE6891 /* Base */,
			);
			name = Main.storyboard;
			sourceTree = "<group>";
		};
		60A3E74E211E06C700AE6891 /* LaunchScreen.storyboard */ = {
			isa = PBXVariantGroup;
			children = (
				60A3E74F211E06C700AE6891 /* Base */,
			);
			name = LaunchScreen.storyboard;
			sourceTree = "<group>";
		};
/* End PBXVariantGroup section */

/* Begin XCBuildConfiguration section */
		60A3E752211E06C700AE6891 /* Debug */ = {
			isa = XCBuildConfiguration;
			buildSettings = {
				ALWAYS_SEARCH_USER_PATHS = NO;
				CLANG_ANALYZER_NONNULL = YES;
				CLANG_ANALYZER_NUMBER_OBJECT_CONVERSION = YES_AGGRESSIVE;
				CLANG_CXX_LANGUAGE_STANDARD = "gnu++14";
				CLANG_CXX_LIBRARY = "libc++";
				CLANG_ENABLE_MODULES = YES;
				CLANG_ENABLE_OBJC_ARC = YES;
				CLANG_ENABLE_OBJC_WEAK = YES;
				CLANG_WARN_BLOCK_CAPTURE_AUTORELEASING = YES;
				CLANG_WARN_BOOL_CONVERSION = YES;
				CLANG_WARN_COMMA = YES;
				CLANG_WARN_CONSTANT_CONVERSION = YES;
				CLANG_WARN_DEPRECATED_OBJC_IMPLEMENTATIONS = YES;
				CLANG_WARN_DIRECT_OBJC_ISA_USAGE = YES_ERROR;
				CLANG_WARN_DOCUMENTATION_COMMENTS = YES;
				CLANG_WARN_EMPTY_BODY = YES;
				CLANG_WARN_ENUM_CONVERSION = YES;
				CLANG_WARN_INFINITE_RECURSION = YES;
				CLANG_WARN_INT_CONVERSION = YES;
				CLANG_WARN_NON_LITERAL_NULL_CONVERSION = YES;
				CLANG_WARN_OBJC_IMPLICIT_RETAIN_SELF = YES;
				CLANG_WARN_OBJC_LITERAL_CONVERSION = YES;
				CLANG_WARN_OBJC_ROOT_CLASS = YES_ERROR;
				CLANG_WARN_RANGE_LOOP_ANALYSIS = YES;
				CLANG_WARN_STRICT_PROTOTYPES = YES;
				CLANG_WARN_SUSPICIOUS_MOVE = YES;
				CLANG_WARN_UNGUARDED_AVAILABILITY = YES_AGGRESSIVE;
				CLANG_WARN_UNREACHABLE_CODE = YES;
				CLANG_WARN__DUPLICATE_METHOD_MATCH = YES;
				CODE_SIGN_IDENTITY = "iPhone Developer";
				COPY_PHASE_STRIP = NO;
				DEBUG_INFORMATION_FORMAT = dwarf;
				ENABLE_STRICT_OBJC_MSGSEND = YES;
				ENABLE_TESTABILITY = YES;
				GCC_C_LANGUAGE_STANDARD = gnu11;
				GCC_DYNAMIC_NO_PIC = NO;
				GCC_NO_COMMON_BLOCKS = YES;
				GCC_OPTIMIZATION_LEVEL = 0;
				GCC_PREPROCESSOR_DEFINITIONS = (
					"DEBUG=1",
					"$(inherited)",
				);
				GCC_WARN_64_TO_32_BIT_CONVERSION = YES;
				GCC_WARN_ABOUT_RETURN_TYPE = YES_ERROR;
				GCC_WARN_UNDECLARED_SELECTOR = YES;
				GCC_WARN_UNINITIALIZED_AUTOS = YES_AGGRESSIVE;
				GCC_WARN_UNUSED_FUNCTION = YES;
				GCC_WARN_UNUSED_VARIABLE = YES;
				IPHONEOS_DEPLOYMENT_TARGET = 11.4;
				MTL_ENABLE_DEBUG_INFO = YES;
				ONLY_ACTIVE_ARCH = YES;
				SDKROOT = iphoneos;
				SWIFT_ACTIVE_COMPILATION_CONDITIONS = DEBUG;
				SWIFT_OPTIMIZATION_LEVEL = "-Onone";
			};
			name = Debug;
		};
		60A3E753211E06C700AE6891 /* Release */ = {
			isa = XCBuildConfiguration;
			buildSettings = {
				ALWAYS_SEARCH_USER_PATHS = NO;
				CLANG_ANALYZER_NONNULL = YES;
				CLANG_ANALYZER_NUMBER_OBJECT_CONVERSION = YES_AGGRESSIVE;
				CLANG_CXX_LANGUAGE_STANDARD = "gnu++14";
				CLANG_CXX_LIBRARY = "libc++";
				CLANG_ENABLE_MODULES = YES;
				CLANG_ENABLE_OBJC_ARC = YES;
				CLANG_ENABLE_OBJC_WEAK = YES;
				CLANG_WARN_BLOCK_CAPTURE_AUTORELEASING = YES;
				CLANG_WARN_BOOL_CONVERSION = YES;
				CLANG_WARN_COMMA = YES;
				CLANG_WARN_CONSTANT_CONVERSION = YES;
				CLANG_WARN_DEPRECATED_OBJC_IMPLEMENTATIONS = YES;
				CLANG_WARN_DIRECT_OBJC_ISA_USAGE = YES_ERROR;
				CLANG_WARN_DOCUMENTATION_COMMENTS = YES;
				CLANG_WARN_EMPTY_BODY = YES;
				CLANG_WARN_ENUM_CONVERSION = YES;
				CLANG_WARN_INFINITE_RECURSION = YES;
				CLANG_WARN_INT_CONVERSION = YES;
				CLANG_WARN_NON_LITERAL_NULL_CONVERSION = YES;
				CLANG_WARN_OBJC_IMPLICIT_RETAIN_SELF = YES;
				CLANG_WARN_OBJC_LITERAL_CONVERSION = YES;
				CLANG_WARN_OBJC_ROOT_CLASS = YES_ERROR;
				CLANG_WARN_RANGE_LOOP_ANALYSIS = YES;
				CLANG_WARN_STRICT_PROTOTYPES = YES;
				CLANG_WARN_SUSPICIOUS_MOVE = YES;
				CLANG_WARN_UNGUARDED_AVAILABILITY = YES_AGGRESSIVE;
				CLANG_WARN_UNREACHABLE_CODE = YES;
				CLANG_WARN__DUPLICATE_METHOD_MATCH = YES;
				CODE_SIGN_IDENTITY = "iPhone Developer";
				COPY_PHASE_STRIP = NO;
				DEBUG_INFORMATION_FORMAT = "dwarf-with-dsym";
				ENABLE_NS_ASSERTIONS = NO;
				ENABLE_STRICT_OBJC_MSGSEND = YES;
				GCC_C_LANGUAGE_STANDARD = gnu11;
				GCC_NO_COMMON_BLOCKS = YES;
				GCC_WARN_64_TO_32_BIT_CONVERSION = YES;
				GCC_WARN_ABOUT_RETURN_TYPE = YES_ERROR;
				GCC_WARN_UNDECLARED_SELECTOR = YES;
				GCC_WARN_UNINITIALIZED_AUTOS = YES_AGGRESSIVE;
				GCC_WARN_UNUSED_FUNCTION = YES;
				GCC_WARN_UNUSED_VARIABLE = YES;
				IPHONEOS_DEPLOYMENT_TARGET = 11.4;
				MTL_ENABLE_DEBUG_INFO = NO;
				SDKROOT = iphoneos;
				SWIFT_COMPILATION_MODE = wholemodule;
				SWIFT_OPTIMIZATION_LEVEL = "-O";
				VALIDATE_PRODUCT = YES;
			};
			name = Release;
		};
		60A3E755211E06C700AE6891 /* Debug */ = {
			isa = XCBuildConfiguration;
			buildSettings = {
				ASSETCATALOG_COMPILER_APPICON_NAME = AppIcon;
				CODE_SIGN_STYLE = Automatic;
				DEVELOPMENT_TEAM = 9KP8U9QDYN;
				INFOPLIST_FILE = "$(SRCROOT)/Representatives/Resources/Info.plist";
				LD_RUNPATH_SEARCH_PATHS = (
					"$(inherited)",
					"@executable_path/Frameworks",
				);
				PRODUCT_BUNDLE_IDENTIFIER = com.SethDanner.Representatives;
				PRODUCT_NAME = "$(TARGET_NAME)";
				SWIFT_VERSION = 4.0;
				TARGETED_DEVICE_FAMILY = "1,2";
			};
			name = Debug;
		};
		60A3E756211E06C700AE6891 /* Release */ = {
			isa = XCBuildConfiguration;
			buildSettings = {
				ASSETCATALOG_COMPILER_APPICON_NAME = AppIcon;
				CODE_SIGN_STYLE = Automatic;
				DEVELOPMENT_TEAM = 9KP8U9QDYN;
				INFOPLIST_FILE = "$(SRCROOT)/Representatives/Resources/Info.plist";
				LD_RUNPATH_SEARCH_PATHS = (
					"$(inherited)",
					"@executable_path/Frameworks",
				);
				PRODUCT_BUNDLE_IDENTIFIER = com.SethDanner.Representatives;
				PRODUCT_NAME = "$(TARGET_NAME)";
				SWIFT_VERSION = 4.0;
				TARGETED_DEVICE_FAMILY = "1,2";
			};
			name = Release;
		};
/* End XCBuildConfiguration section */

/* Begin XCConfigurationList section */
		60A3E73D211E06C500AE6891 /* Build configuration list for PBXProject "Representatives" */ = {
			isa = XCConfigurationList;
			buildConfigurations = (
				60A3E752211E06C700AE6891 /* Debug */,
				60A3E753211E06C700AE6891 /* Release */,
			);
			defaultConfigurationIsVisible = 0;
			defaultConfigurationName = Release;
		};
		60A3E754211E06C700AE6891 /* Build configuration list for PBXNativeTarget "Representatives" */ = {
			isa = XCConfigurationList;
			buildConfigurations = (
				60A3E755211E06C700AE6891 /* Debug */,
				60A3E756211E06C700AE6891 /* Release */,
			);
			defaultConfigurationIsVisible = 0;
			defaultConfigurationName = Release;
		};
/* End XCConfigurationList section */
	};
	rootObject = 60A3E73A211E06C500AE6891 /* Project object */;
}
